
Microsoft Visual Studio Solution File, Format Version 12.00
# Visual Studio 15
VisualStudioVersion = 15.0.26403.7
MinimumVisualStudioVersion = 10.0.40219.1
Project("{FAE04EC0-301F-11D3-BF4B-00C04F79EFBC}") = "Aula3107_Console", "Aula3107_Console\Aula3107_Console.csproj", "{E0DB1355-80C5-4473-884D-FB9293DDE537}"
EndProject
Project("{FAE04EC0-301F-11D3-BF4B-00C04F79EFBC}") = "Aula02082018", "Aula02082018\Aula02082018.csproj", "{EB8F9294-48CC-42AC-9737-E2296EC03897}"
EndProject
Project("{FAE04EC0-301F-11D3-BF4B-00C04F79EFBC}") = "Aula0708_WPF", "Aula0708_WPF\Aula0708_WPF.csproj", "{D7AD4002-E79E-4810-9C37-49AFE717CBE0}"
EndProject
Project("{FAE04EC0-301F-11D3-BF4B-00C04F79EFBC}") = "CalculadoraWPF", "CalculadoraWPF\CalculadoraWPF.csproj", "{E3AB82AE-EEA5-49C3-8551-E22AB30D9710}"
EndProject
Project("{FAE04EC0-301F-11D3-BF4B-00C04F79EFBC}") = "Aula1608", "Aula1608\Aula1608.csproj", "{D0261FB2-28B7-48F9-B79A-5A3CB974BD89}"
EndProject
Project("{FAE04EC0-301F-11D3-BF4B-00C04F79EFBC}") = "AulaEntitiFrameworkdatabasefirst", "AulaEntitiFrameworkdatabasefirst\AulaEntitiFrameworkdatabasefirst.csproj", "{915C36C6-89BF-47E1-A1E3-8D4276C1500C}"
EndProject
Project("{FAE04EC0-301F-11D3-BF4B-00C04F79EFBC}") = "Aula2108_CodeFirst", "Aula2108_CodeFirst\Aula2108_CodeFirst.csproj", "{99B42709-AC60-487D-9F12-3E89C2E67C84}"
EndProject
Global
	GlobalSection(SolutionConfigurationPlatforms) = preSolution
		Debug|Any CPU = Debug|Any CPU
		Release|Any CPU = Release|Any CPU
	EndGlobalSection
	GlobalSection(ProjectConfigurationPlatforms) = postSolution
		{E0DB1355-80C5-4473-884D-FB9293DDE537}.Debug|Any CPU.ActiveCfg = Debug|Any CPU
		{E0DB1355-80C5-4473-884D-FB9293DDE537}.Debug|Any CPU.Build.0 = Debug|Any CPU
		{E0DB1355-80C5-4473-884D-FB9293DDE537}.Release|Any CPU.ActiveCfg = Release|Any CPU
		{E0DB1355-80C5-4473-884D-FB9293DDE537}.Release|Any CPU.Build.0 = Release|Any CPU
		{EB8F9294-48CC-42AC-9737-E2296EC03897}.Debug|Any CPU.ActiveCfg = Debug|Any CPU
		{EB8F9294-48CC-42AC-9737-E2296EC03897}.Debug|Any CPU.Build.0 = Debug|Any CPU
		{EB8F9294-48CC-42AC-9737-E2296EC03897}.Release|Any CPU.ActiveCfg = Release|Any CPU
		{EB8F9294-48CC-42AC-9737-E2296EC03897}.Release|Any CPU.Build.0 = Release|Any CPU
		{D7AD4002-E79E-4810-9C37-49AFE717CBE0}.Debug|Any CPU.ActiveCfg = Debug|Any CPU
		{D7AD4002-E79E-4810-9C37-49AFE717CBE0}.Debug|Any CPU.Build.0 = Debug|Any CPU
		{D7AD4002-E79E-4810-9C37-49AFE717CBE0}.Release|Any CPU.ActiveCfg = Release|Any CPU
		{D7AD4002-E79E-4810-9C37-49AFE717CBE0}.Release|Any CPU.Build.0 = Release|Any CPU
		{E3AB82AE-EEA5-49C3-8551-E22AB30D9710}.Debug|Any CPU.ActiveCfg = Debug|Any CPU
		{E3AB82AE-EEA5-49C3-8551-E22AB30D9710}.Debug|Any CPU.Build.0 = Debug|Any CPU
		{E3AB82AE-EEA5-49C3-8551-E22AB30D9710}.Release|Any CPU.ActiveCfg = Release|Any CPU
		{E3AB82AE-EEA5-49C3-8551-E22AB30D9710}.Release|Any CPU.Build.0 = Release|Any CPU
		{D0261FB2-28B7-48F9-B79A-5A3CB974BD89}.Debug|Any CPU.ActiveCfg = Debug|Any CPU
		{D0261FB2-28B7-48F9-B79A-5A3CB974BD89}.Debug|Any CPU.Build.0 = Debug|Any CPU
		{D0261FB2-28B7-48F9-B79A-5A3CB974BD89}.Release|Any CPU.ActiveCfg = Release|Any CPU
		{D0261FB2-28B7-48F9-B79A-5A3CB974BD89}.Release|Any CPU.Build.0 = Release|Any CPU
		{915C36C6-89BF-47E1-A1E3-8D4276C1500C}.Debug|Any CPU.ActiveCfg = Debug|Any CPU
		{915C36C6-89BF-47E1-A1E3-8D4276C1500C}.Debug|Any CPU.Build.0 = Debug|Any CPU
		{915C36C6-89BF-47E1-A1E3-8D4276C1500C}.Release|Any CPU.ActiveCfg = Release|Any CPU
		{915C36C6-89BF-47E1-A1E3-8D4276C1500C}.Release|Any CPU.Build.0 = Release|Any CPU
		{99B42709-AC60-487D-9F12-3E89C2E67C84}.Debug|Any CPU.ActiveCfg = Debug|Any CPU
		{99B42709-AC60-487D-9F12-3E89C2E67C84}.Debug|Any CPU.Build.0 = Debug|Any CPU
		{99B42709-AC60-487D-9F12-3E89C2E67C84}.Release|Any CPU.ActiveCfg = Release|Any CPU
		{99B42709-AC60-487D-9F12-3E89C2E67C84}.Release|Any CPU.Build.0 = Release|Any CPU
	EndGlobalSection
	GlobalSection(SolutionProperties) = preSolution
		HideSolutionNode = FALSE
	EndGlobalSection
	GlobalSection(ExtensibilityGlobals) = postSolution
		SolutionGuid = {92C4280B-4CC9-4F31-918C-7CF68801863F}
	EndGlobalSection
EndGlobal
