
Microsoft Visual Studio Solution File, Format Version 12.00
# Visual Studio 15
VisualStudioVersion = 15.0.27130.2010
MinimumVisualStudioVersion = 10.0.40219.1
Project("{FAE04EC0-301F-11D3-BF4B-00C04F79EFBC}") = "Aula3107_Console", "Aula3107_Console\Aula3107_Console.csproj", "{E0DB1355-80C5-4473-884D-FB9293DDE537}"
EndProject
Project("{FAE04EC0-301F-11D3-BF4B-00C04F79EFBC}") = "Aula02082018", "Aula02082018\Aula02082018.csproj", "{EB8F9294-48CC-42AC-9737-E2296EC03897}"
EndProject
Global
	GlobalSection(SolutionConfigurationPlatforms) = preSolution
		Debug|Any CPU = Debug|Any CPU
		Release|Any CPU = Release|Any CPU
	EndGlobalSection
	GlobalSection(ProjectConfigurationPlatforms) = postSolution
		{E0DB1355-80C5-4473-884D-FB9293DDE537}.Debug|Any CPU.ActiveCfg = Debug|Any CPU
		{E0DB1355-80C5-4473-884D-FB9293DDE537}.Debug|Any CPU.Build.0 = Debug|Any CPU
		{E0DB1355-80C5-4473-884D-FB9293DDE537}.Release|Any CPU.ActiveCfg = Release|Any CPU
		{E0DB1355-80C5-4473-884D-FB9293DDE537}.Release|Any CPU.Build.0 = Release|Any CPU
		{EB8F9294-48CC-42AC-9737-E2296EC03897}.Debug|Any CPU.ActiveCfg = Debug|Any CPU
		{EB8F9294-48CC-42AC-9737-E2296EC03897}.Debug|Any CPU.Build.0 = Debug|Any CPU
		{EB8F9294-48CC-42AC-9737-E2296EC03897}.Release|Any CPU.ActiveCfg = Release|Any CPU
		{EB8F9294-48CC-42AC-9737-E2296EC03897}.Release|Any CPU.Build.0 = Release|Any CPU
	EndGlobalSection
	GlobalSection(SolutionProperties) = preSolution
		HideSolutionNode = FALSE
	EndGlobalSection
	GlobalSection(ExtensibilityGlobals) = postSolution
		SolutionGuid = {92C4280B-4CC9-4F31-918C-7CF68801863F}
	EndGlobalSection
EndGlobal
